
Microsoft Visual Studio Solution File, Format Version 12.00
# Visual Studio Version 17
VisualStudioVersion = 17.14.36705.20 d17.14
MinimumVisualStudioVersion = 10.0.40219.1
Project("{FAE04EC0-301F-11D3-BF4B-00C04F79EFBC}") = "Zad7", "Zad7.csproj", "{3515DEF4-911F-49AA-9DFC-3513C32BDA8F}"
EndProject
Global
	GlobalSection(SolutionConfigurationPlatforms) = preSolution
		Debug|Any CPU = Debug|Any CPU
		Release|Any CPU = Release|Any CPU
	EndGlobalSection
	GlobalSection(ProjectConfigurationPlatforms) = postSolution
		{3515DEF4-911F-49AA-9DFC-3513C32BDA8F}.Debug|Any CPU.ActiveCfg = Debug|Any CPU
		{3515DEF4-911F-49AA-9DFC-3513C32BDA8F}.Debug|Any CPU.Build.0 = Debug|Any CPU
		{3515DEF4-911F-49AA-9DFC-3513C32BDA8F}.Release|Any CPU.ActiveCfg = Release|Any CPU
		{3515DEF4-911F-49AA-9DFC-3513C32BDA8F}.Release|Any CPU.Build.0 = Release|Any CPU
	EndGlobalSection
	GlobalSection(SolutionProperties) = preSolution
		HideSolutionNode = FALSE
	EndGlobalSection
	GlobalSection(ExtensibilityGlobals) = postSolution
		SolutionGuid = {5922D0AA-D602-4B30-AB3C-B175FFEF50E0}
	EndGlobalSection
EndGlobal
